// !$*UTF8*$!
{
	archiveVersion = 1;
	classes = {
	};
	objectVersion = 48;
	objects = {

/* Begin PBXBuildFile section */
		092E54411FA7432B00573158 /* MenuViewController.swift in Sources */ = {isa = PBXBuildFile; fileRef = 092E54401FA7432B00573158 /* MenuViewController.swift */; };
		092E54431FA7436D00573158 /* MenuTableViewCell.swift in Sources */ = {isa = PBXBuildFile; fileRef = 092E54421FA7436D00573158 /* MenuTableViewCell.swift */; };
		092E54451FA7595600573158 /* LogInViewController.swift in Sources */ = {isa = PBXBuildFile; fileRef = 092E54441FA7595600573158 /* LogInViewController.swift */; };
		092E54471FA7597900573158 /* SignUpViewController.swift in Sources */ = {isa = PBXBuildFile; fileRef = 092E54461FA7597900573158 /* SignUpViewController.swift */; };
		092E544D1FA76B9F00573158 /* NavigationController.swift in Sources */ = {isa = PBXBuildFile; fileRef = 092E544C1FA76B9F00573158 /* NavigationController.swift */; };
		09906A2B1FAE826E00A28D73 /* KeychainPasswordItem.swift in Sources */ = {isa = PBXBuildFile; fileRef = 09906A2A1FAE826E00A28D73 /* KeychainPasswordItem.swift */; };
		49750C4C537478D5EC5B54D6 /* Pods_main_client.framework in Frameworks */ = {isa = PBXBuildFile; fileRef = CB9B3A5A422A3EEEC21C8938 /* Pods_main_client.framework */; };
		849293F31FAB3A81001F0B92 /* APIConstants.swift in Sources */ = {isa = PBXBuildFile; fileRef = 849293EE1FAB3A81001F0B92 /* APIConstants.swift */; };
		849293F41FAB3A81001F0B92 /* UserAPI.swift in Sources */ = {isa = PBXBuildFile; fileRef = 849293EF1FAB3A81001F0B92 /* UserAPI.swift */; };
		849293F51FAB3A81001F0B92 /* common.swift in Sources */ = {isa = PBXBuildFile; fileRef = 849293F11FAB3A81001F0B92 /* common.swift */; };
		849293F61FAB3A81001F0B92 /* UserModel.swift in Sources */ = {isa = PBXBuildFile; fileRef = 849293F21FAB3A81001F0B92 /* UserModel.swift */; };
		849293F81FAB3B7E001F0B92 /* HostModel.swift in Sources */ = {isa = PBXBuildFile; fileRef = 849293F71FAB3B7E001F0B92 /* HostModel.swift */; };
		8493433D1FAB5A73001E663E /* ClientAPI.swift in Sources */ = {isa = PBXBuildFile; fileRef = 8493433C1FAB5A73001E663E /* ClientAPI.swift */; };
		8493433F1FACED78001E663E /* HostArrayModel.swift in Sources */ = {isa = PBXBuildFile; fileRef = 8493433E1FACED78001E663E /* HostArrayModel.swift */; };
		849343411FBBC614001E663E /* MainViewController.swift in Sources */ = {isa = PBXBuildFile; fileRef = 849343401FBBC614001E663E /* MainViewController.swift */; };
		849343431FBBD894001E663E /* MyProfileViewController.swift in Sources */ = {isa = PBXBuildFile; fileRef = 849343421FBBD894001E663E /* MyProfileViewController.swift */; };
		849343451FBBD93E001E663E /* MyPlacesViewController.swift in Sources */ = {isa = PBXBuildFile; fileRef = 849343441FBBD93E001E663E /* MyPlacesViewController.swift */; };
		849343471FBBD963001E663E /* PlacesViewController.swift in Sources */ = {isa = PBXBuildFile; fileRef = 849343461FBBD963001E663E /* PlacesViewController.swift */; };
		849343491FBBEE37001E663E /* FAQViewController.swift in Sources */ = {isa = PBXBuildFile; fileRef = 849343481FBBEE37001E663E /* FAQViewController.swift */; };
		8493434B1FBBEE4F001E663E /* OptionsViewController.swift in Sources */ = {isa = PBXBuildFile; fileRef = 8493434A1FBBEE4F001E663E /* OptionsViewController.swift */; };
		99A7AE661F8FA4B000964402 /* AppDelegate.swift in Sources */ = {isa = PBXBuildFile; fileRef = 99A7AE651F8FA4B000964402 /* AppDelegate.swift */; };
		99A7AE681F8FA4B000964402 /* ViewController.swift in Sources */ = {isa = PBXBuildFile; fileRef = 99A7AE671F8FA4B000964402 /* ViewController.swift */; };
		99A7AE6B1F8FA4B000964402 /* Main.storyboard in Resources */ = {isa = PBXBuildFile; fileRef = 99A7AE691F8FA4B000964402 /* Main.storyboard */; };
		99A7AE6D1F8FA4B000964402 /* Assets.xcassets in Resources */ = {isa = PBXBuildFile; fileRef = 99A7AE6C1F8FA4B000964402 /* Assets.xcassets */; };
		99A7AE701F8FA4B000964402 /* LaunchScreen.storyboard in Resources */ = {isa = PBXBuildFile; fileRef = 99A7AE6E1F8FA4B000964402 /* LaunchScreen.storyboard */; };
		99A7AE7B1F8FA4B000964402 /* main_clientTests.swift in Sources */ = {isa = PBXBuildFile; fileRef = 99A7AE7A1F8FA4B000964402 /* main_clientTests.swift */; };
		99A7AE861F8FA4B000964402 /* main_clientUITests.swift in Sources */ = {isa = PBXBuildFile; fileRef = 99A7AE851F8FA4B000964402 /* main_clientUITests.swift */; };
/* End PBXBuildFile section */

/* Begin PBXContainerItemProxy section */
		99A7AE771F8FA4B000964402 /* PBXContainerItemProxy */ = {
			isa = PBXContainerItemProxy;
			containerPortal = 99A7AE5A1F8FA4AF00964402 /* Project object */;
			proxyType = 1;
			remoteGlobalIDString = 99A7AE611F8FA4B000964402;
			remoteInfo = "main client";
		};
		99A7AE821F8FA4B000964402 /* PBXContainerItemProxy */ = {
			isa = PBXContainerItemProxy;
			containerPortal = 99A7AE5A1F8FA4AF00964402 /* Project object */;
			proxyType = 1;
			remoteGlobalIDString = 99A7AE611F8FA4B000964402;
			remoteInfo = "main client";
		};
/* End PBXContainerItemProxy section */

/* Begin PBXFileReference section */
		092E54401FA7432B00573158 /* MenuViewController.swift */ = {isa = PBXFileReference; lastKnownFileType = sourcecode.swift; path = MenuViewController.swift; sourceTree = "<group>"; };
		092E54421FA7436D00573158 /* MenuTableViewCell.swift */ = {isa = PBXFileReference; lastKnownFileType = sourcecode.swift; path = MenuTableViewCell.swift; sourceTree = "<group>"; };
		092E54441FA7595600573158 /* LogInViewController.swift */ = {isa = PBXFileReference; lastKnownFileType = sourcecode.swift; path = LogInViewController.swift; sourceTree = "<group>"; };
		092E54461FA7597900573158 /* SignUpViewController.swift */ = {isa = PBXFileReference; lastKnownFileType = sourcecode.swift; path = SignUpViewController.swift; sourceTree = "<group>"; };
		092E544C1FA76B9F00573158 /* NavigationController.swift */ = {isa = PBXFileReference; lastKnownFileType = sourcecode.swift; path = NavigationController.swift; sourceTree = "<group>"; };
		09906A2A1FAE826E00A28D73 /* KeychainPasswordItem.swift */ = {isa = PBXFileReference; fileEncoding = 4; lastKnownFileType = sourcecode.swift; path = KeychainPasswordItem.swift; sourceTree = "<group>"; };
		30907051DCF37782587B6B75 /* Pods-main client.debug.xcconfig */ = {isa = PBXFileReference; includeInIndex = 1; lastKnownFileType = text.xcconfig; name = "Pods-main client.debug.xcconfig"; path = "Pods/Target Support Files/Pods-main client/Pods-main client.debug.xcconfig"; sourceTree = "<group>"; };
		5BDF2D83678E56EDA04F089E /* Pods-main client.release.xcconfig */ = {isa = PBXFileReference; includeInIndex = 1; lastKnownFileType = text.xcconfig; name = "Pods-main client.release.xcconfig"; path = "Pods/Target Support Files/Pods-main client/Pods-main client.release.xcconfig"; sourceTree = "<group>"; };
		849293EE1FAB3A81001F0B92 /* APIConstants.swift */ = {isa = PBXFileReference; fileEncoding = 4; lastKnownFileType = sourcecode.swift; path = APIConstants.swift; sourceTree = "<group>"; };
		849293EF1FAB3A81001F0B92 /* UserAPI.swift */ = {isa = PBXFileReference; fileEncoding = 4; lastKnownFileType = sourcecode.swift; path = UserAPI.swift; sourceTree = "<group>"; };
		849293F11FAB3A81001F0B92 /* common.swift */ = {isa = PBXFileReference; fileEncoding = 4; lastKnownFileType = sourcecode.swift; path = common.swift; sourceTree = "<group>"; };
		849293F21FAB3A81001F0B92 /* UserModel.swift */ = {isa = PBXFileReference; fileEncoding = 4; lastKnownFileType = sourcecode.swift; path = UserModel.swift; sourceTree = "<group>"; };
		849293F71FAB3B7E001F0B92 /* HostModel.swift */ = {isa = PBXFileReference; lastKnownFileType = sourcecode.swift; path = HostModel.swift; sourceTree = "<group>"; };
		8493433C1FAB5A73001E663E /* ClientAPI.swift */ = {isa = PBXFileReference; lastKnownFileType = sourcecode.swift; path = ClientAPI.swift; sourceTree = "<group>"; };
		8493433E1FACED78001E663E /* HostArrayModel.swift */ = {isa = PBXFileReference; lastKnownFileType = sourcecode.swift; path = HostArrayModel.swift; sourceTree = "<group>"; };
		849343401FBBC614001E663E /* MainViewController.swift */ = {isa = PBXFileReference; lastKnownFileType = sourcecode.swift; path = MainViewController.swift; sourceTree = "<group>"; };
		849343421FBBD894001E663E /* MyProfileViewController.swift */ = {isa = PBXFileReference; lastKnownFileType = sourcecode.swift; path = MyProfileViewController.swift; sourceTree = "<group>"; };
		849343441FBBD93E001E663E /* MyPlacesViewController.swift */ = {isa = PBXFileReference; lastKnownFileType = sourcecode.swift; path = MyPlacesViewController.swift; sourceTree = "<group>"; };
		849343461FBBD963001E663E /* PlacesViewController.swift */ = {isa = PBXFileReference; lastKnownFileType = sourcecode.swift; path = PlacesViewController.swift; sourceTree = "<group>"; };
		849343481FBBEE37001E663E /* FAQViewController.swift */ = {isa = PBXFileReference; lastKnownFileType = sourcecode.swift; path = FAQViewController.swift; sourceTree = "<group>"; };
		8493434A1FBBEE4F001E663E /* OptionsViewController.swift */ = {isa = PBXFileReference; lastKnownFileType = sourcecode.swift; path = OptionsViewController.swift; sourceTree = "<group>"; };
		99A7AE621F8FA4B000964402 /* main client.app */ = {isa = PBXFileReference; explicitFileType = wrapper.application; includeInIndex = 0; path = "main client.app"; sourceTree = BUILT_PRODUCTS_DIR; };
		99A7AE651F8FA4B000964402 /* AppDelegate.swift */ = {isa = PBXFileReference; lastKnownFileType = sourcecode.swift; path = AppDelegate.swift; sourceTree = "<group>"; };
		99A7AE671F8FA4B000964402 /* ViewController.swift */ = {isa = PBXFileReference; lastKnownFileType = sourcecode.swift; path = ViewController.swift; sourceTree = "<group>"; };
		99A7AE6A1F8FA4B000964402 /* Base */ = {isa = PBXFileReference; lastKnownFileType = file.storyboard; name = Base; path = Base.lproj/Main.storyboard; sourceTree = "<group>"; };
		99A7AE6C1F8FA4B000964402 /* Assets.xcassets */ = {isa = PBXFileReference; lastKnownFileType = folder.assetcatalog; path = Assets.xcassets; sourceTree = "<group>"; };
		99A7AE6F1F8FA4B000964402 /* Base */ = {isa = PBXFileReference; lastKnownFileType = file.storyboard; name = Base; path = Base.lproj/LaunchScreen.storyboard; sourceTree = "<group>"; };
		99A7AE711F8FA4B000964402 /* Info.plist */ = {isa = PBXFileReference; lastKnownFileType = text.plist.xml; path = Info.plist; sourceTree = "<group>"; };
		99A7AE761F8FA4B000964402 /* main clientTests.xctest */ = {isa = PBXFileReference; explicitFileType = wrapper.cfbundle; includeInIndex = 0; path = "main clientTests.xctest"; sourceTree = BUILT_PRODUCTS_DIR; };
		99A7AE7A1F8FA4B000964402 /* main_clientTests.swift */ = {isa = PBXFileReference; lastKnownFileType = sourcecode.swift; path = main_clientTests.swift; sourceTree = "<group>"; };
		99A7AE7C1F8FA4B000964402 /* Info.plist */ = {isa = PBXFileReference; lastKnownFileType = text.plist.xml; path = Info.plist; sourceTree = "<group>"; };
		99A7AE811F8FA4B000964402 /* main clientUITests.xctest */ = {isa = PBXFileReference; explicitFileType = wrapper.cfbundle; includeInIndex = 0; path = "main clientUITests.xctest"; sourceTree = BUILT_PRODUCTS_DIR; };
		99A7AE851F8FA4B000964402 /* main_clientUITests.swift */ = {isa = PBXFileReference; lastKnownFileType = sourcecode.swift; path = main_clientUITests.swift; sourceTree = "<group>"; };
		99A7AE871F8FA4B000964402 /* Info.plist */ = {isa = PBXFileReference; lastKnownFileType = text.plist.xml; path = Info.plist; sourceTree = "<group>"; };
		CB9B3A5A422A3EEEC21C8938 /* Pods_main_client.framework */ = {isa = PBXFileReference; explicitFileType = wrapper.framework; includeInIndex = 0; path = Pods_main_client.framework; sourceTree = BUILT_PRODUCTS_DIR; };
/* End PBXFileReference section */

/* Begin PBXFrameworksBuildPhase section */
		99A7AE5F1F8FA4B000964402 /* Frameworks */ = {
			isa = PBXFrameworksBuildPhase;
			buildActionMask = 2147483647;
			files = (
				49750C4C537478D5EC5B54D6 /* Pods_main_client.framework in Frameworks */,
			);
			runOnlyForDeploymentPostprocessing = 0;
		};
		99A7AE731F8FA4B000964402 /* Frameworks */ = {
			isa = PBXFrameworksBuildPhase;
			buildActionMask = 2147483647;
			files = (
			);
			runOnlyForDeploymentPostprocessing = 0;
		};
		99A7AE7E1F8FA4B000964402 /* Frameworks */ = {
			isa = PBXFrameworksBuildPhase;
			buildActionMask = 2147483647;
			files = (
			);
			runOnlyForDeploymentPostprocessing = 0;
		};
/* End PBXFrameworksBuildPhase section */

/* Begin PBXGroup section */
		7DC349FED68BA1E6452ACEEA /* Frameworks */ = {
			isa = PBXGroup;
			children = (
				CB9B3A5A422A3EEEC21C8938 /* Pods_main_client.framework */,
			);
			name = Frameworks;
			sourceTree = "<group>";
		};
		849293ED1FAB3A81001F0B92 /* API */ = {
			isa = PBXGroup;
			children = (
				849293EE1FAB3A81001F0B92 /* APIConstants.swift */,
				849293EF1FAB3A81001F0B92 /* UserAPI.swift */,
				8493433C1FAB5A73001E663E /* ClientAPI.swift */,
			);
			path = API;
			sourceTree = "<group>";
		};
		849293F01FAB3A81001F0B92 /* models */ = {
			isa = PBXGroup;
			children = (
				849293F11FAB3A81001F0B92 /* common.swift */,
				849293F21FAB3A81001F0B92 /* UserModel.swift */,
				849293F71FAB3B7E001F0B92 /* HostModel.swift */,
				8493433E1FACED78001E663E /* HostArrayModel.swift */,
			);
			path = models;
			sourceTree = "<group>";
		};
		99A7AE591F8FA4AF00964402 = {
			isa = PBXGroup;
			children = (
				99A7AE641F8FA4B000964402 /* main client */,
				99A7AE791F8FA4B000964402 /* main clientTests */,
				99A7AE841F8FA4B000964402 /* main clientUITests */,
				99A7AE631F8FA4B000964402 /* Products */,
				D672F03A5FB4E5B7D16ADC5D /* Pods */,
				7DC349FED68BA1E6452ACEEA /* Frameworks */,
			);
			sourceTree = "<group>";
		};
		99A7AE631F8FA4B000964402 /* Products */ = {
			isa = PBXGroup;
			children = (
				99A7AE621F8FA4B000964402 /* main client.app */,
				99A7AE761F8FA4B000964402 /* main clientTests.xctest */,
				99A7AE811F8FA4B000964402 /* main clientUITests.xctest */,
			);
			name = Products;
			sourceTree = "<group>";
		};
		99A7AE641F8FA4B000964402 /* main client */ = {
			isa = PBXGroup;
			children = (
				849293ED1FAB3A81001F0B92 /* API */,
				849293F01FAB3A81001F0B92 /* models */,
				99A7AE651F8FA4B000964402 /* AppDelegate.swift */,
				849343421FBBD894001E663E /* MyProfileViewController.swift */,
				99A7AE671F8FA4B000964402 /* ViewController.swift */,
				092E54401FA7432B00573158 /* MenuViewController.swift */,
				092E54421FA7436D00573158 /* MenuTableViewCell.swift */,
				99A7AE691F8FA4B000964402 /* Main.storyboard */,
				849343481FBBEE37001E663E /* FAQViewController.swift */,
				8493434A1FBBEE4F001E663E /* OptionsViewController.swift */,
				849343401FBBC614001E663E /* MainViewController.swift */,
				092E54441FA7595600573158 /* LogInViewController.swift */,
				092E54461FA7597900573158 /* SignUpViewController.swift */,
				99A7AE6C1F8FA4B000964402 /* Assets.xcassets */,
				99A7AE6E1F8FA4B000964402 /* LaunchScreen.storyboard */,
				99A7AE711F8FA4B000964402 /* Info.plist */,
				09906A2A1FAE826E00A28D73 /* KeychainPasswordItem.swift */,
				092E544C1FA76B9F00573158 /* NavigationController.swift */,
				849343461FBBD963001E663E /* PlacesViewController.swift */,
				849343441FBBD93E001E663E /* MyPlacesViewController.swift */,
			);
			path = "main client";
			sourceTree = "<group>";
		};
		99A7AE791F8FA4B000964402 /* main clientTests */ = {
			isa = PBXGroup;
			children = (
				99A7AE7A1F8FA4B000964402 /* main_clientTests.swift */,
				99A7AE7C1F8FA4B000964402 /* Info.plist */,
			);
			path = "main clientTests";
			sourceTree = "<group>";
		};
		99A7AE841F8FA4B000964402 /* main clientUITests */ = {
			isa = PBXGroup;
			children = (
				99A7AE851F8FA4B000964402 /* main_clientUITests.swift */,
				99A7AE871F8FA4B000964402 /* Info.plist */,
			);
			path = "main clientUITests";
			sourceTree = "<group>";
		};
		D672F03A5FB4E5B7D16ADC5D /* Pods */ = {
			isa = PBXGroup;
			children = (
				30907051DCF37782587B6B75 /* Pods-main client.debug.xcconfig */,
				5BDF2D83678E56EDA04F089E /* Pods-main client.release.xcconfig */,
			);
			name = Pods;
			sourceTree = "<group>";
		};
/* End PBXGroup section */

/* Begin PBXNativeTarget section */
		99A7AE611F8FA4B000964402 /* main client */ = {
			isa = PBXNativeTarget;
			buildConfigurationList = 99A7AE8A1F8FA4B000964402 /* Build configuration list for PBXNativeTarget "main client" */;
			buildPhases = (
				C5340E1E6D653E9F81D50105 /* [CP] Check Pods Manifest.lock */,
				99A7AE5E1F8FA4B000964402 /* Sources */,
				99A7AE5F1F8FA4B000964402 /* Frameworks */,
				99A7AE601F8FA4B000964402 /* Resources */,
				C392807EC50F5748EEB76B96 /* [CP] Embed Pods Frameworks */,
				10BA0A446463930EB7CFCBFA /* [CP] Copy Pods Resources */,
			);
			buildRules = (
			);
			dependencies = (
			);
			name = "main client";
			productName = "main client";
			productReference = 99A7AE621F8FA4B000964402 /* main client.app */;
			productType = "com.apple.product-type.application";
		};
		99A7AE751F8FA4B000964402 /* main clientTests */ = {
			isa = PBXNativeTarget;
			buildConfigurationList = 99A7AE8D1F8FA4B000964402 /* Build configuration list for PBXNativeTarget "main clientTests" */;
			buildPhases = (
				99A7AE721F8FA4B000964402 /* Sources */,
				99A7AE731F8FA4B000964402 /* Frameworks */,
				99A7AE741F8FA4B000964402 /* Resources */,
			);
			buildRules = (
			);
			dependencies = (
				99A7AE781F8FA4B000964402 /* PBXTargetDependency */,
			);
			name = "main clientTests";
			productName = "main clientTests";
			productReference = 99A7AE761F8FA4B000964402 /* main clientTests.xctest */;
			productType = "com.apple.product-type.bundle.unit-test";
		};
		99A7AE801F8FA4B000964402 /* main clientUITests */ = {
			isa = PBXNativeTarget;
			buildConfigurationList = 99A7AE901F8FA4B000964402 /* Build configuration list for PBXNativeTarget "main clientUITests" */;
			buildPhases = (
				99A7AE7D1F8FA4B000964402 /* Sources */,
				99A7AE7E1F8FA4B000964402 /* Frameworks */,
				99A7AE7F1F8FA4B000964402 /* Resources */,
			);
			buildRules = (
			);
			dependencies = (
				99A7AE831F8FA4B000964402 /* PBXTargetDependency */,
			);
			name = "main clientUITests";
			productName = "main clientUITests";
			productReference = 99A7AE811F8FA4B000964402 /* main clientUITests.xctest */;
			productType = "com.apple.product-type.bundle.ui-testing";
		};
/* End PBXNativeTarget section */

/* Begin PBXProject section */
		99A7AE5A1F8FA4AF00964402 /* Project object */ = {
			isa = PBXProject;
			attributes = {
				LastSwiftUpdateCheck = 0900;
				LastUpgradeCheck = 0900;
				ORGANIZATIONNAME = "Daria Firsova";
				TargetAttributes = {
					99A7AE611F8FA4B000964402 = {
						CreatedOnToolsVersion = 9.0;
						ProvisioningStyle = Automatic;
					};
					99A7AE751F8FA4B000964402 = {
						CreatedOnToolsVersion = 9.0;
						ProvisioningStyle = Automatic;
						TestTargetID = 99A7AE611F8FA4B000964402;
					};
					99A7AE801F8FA4B000964402 = {
						CreatedOnToolsVersion = 9.0;
						ProvisioningStyle = Automatic;
						TestTargetID = 99A7AE611F8FA4B000964402;
					};
				};
			};
			buildConfigurationList = 99A7AE5D1F8FA4AF00964402 /* Build configuration list for PBXProject "main client" */;
			compatibilityVersion = "Xcode 8.0";
			developmentRegion = en;
			hasScannedForEncodings = 0;
			knownRegions = (
				en,
				Base,
			);
			mainGroup = 99A7AE591F8FA4AF00964402;
			productRefGroup = 99A7AE631F8FA4B000964402 /* Products */;
			projectDirPath = "";
			projectRoot = "";
			targets = (
				99A7AE611F8FA4B000964402 /* main client */,
				99A7AE751F8FA4B000964402 /* main clientTests */,
				99A7AE801F8FA4B000964402 /* main clientUITests */,
			);
		};
/* End PBXProject section */

/* Begin PBXResourcesBuildPhase section */
		99A7AE601F8FA4B000964402 /* Resources */ = {
			isa = PBXResourcesBuildPhase;
			buildActionMask = 2147483647;
			files = (
				99A7AE701F8FA4B000964402 /* LaunchScreen.storyboard in Resources */,
				99A7AE6D1F8FA4B000964402 /* Assets.xcassets in Resources */,
				99A7AE6B1F8FA4B000964402 /* Main.storyboard in Resources */,
			);
			runOnlyForDeploymentPostprocessing = 0;
		};
		99A7AE741F8FA4B000964402 /* Resources */ = {
			isa = PBXResourcesBuildPhase;
			buildActionMask = 2147483647;
			files = (
			);
			runOnlyForDeploymentPostprocessing = 0;
		};
		99A7AE7F1F8FA4B000964402 /* Resources */ = {
			isa = PBXResourcesBuildPhase;
			buildActionMask = 2147483647;
			files = (
			);
			runOnlyForDeploymentPostprocessing = 0;
		};
/* End PBXResourcesBuildPhase section */

/* Begin PBXShellScriptBuildPhase section */
		10BA0A446463930EB7CFCBFA /* [CP] Copy Pods Resources */ = {
			isa = PBXShellScriptBuildPhase;
			buildActionMask = 2147483647;
			files = (
			);
			inputPaths = (
			);
			name = "[CP] Copy Pods Resources";
			outputPaths = (
			);
			runOnlyForDeploymentPostprocessing = 0;
			shellPath = /bin/sh;
			shellScript = "\"${SRCROOT}/Pods/Target Support Files/Pods-main client/Pods-main client-resources.sh\"\n";
			showEnvVarsInLog = 0;
		};
		C392807EC50F5748EEB76B96 /* [CP] Embed Pods Frameworks */ = {
			isa = PBXShellScriptBuildPhase;
			buildActionMask = 2147483647;
			files = (
			);
			inputPaths = (
				"${SRCROOT}/Pods/Target Support Files/Pods-main client/Pods-main client-frameworks.sh",
				"${BUILT_PRODUCTS_DIR}/Alamofire/Alamofire.framework",
				"${BUILT_PRODUCTS_DIR}/AlamofireImage/AlamofireImage.framework",
			);
			name = "[CP] Embed Pods Frameworks";
			outputPaths = (
				"${TARGET_BUILD_DIR}/${FRAMEWORKS_FOLDER_PATH}/Alamofire.framework",
				"${TARGET_BUILD_DIR}/${FRAMEWORKS_FOLDER_PATH}/AlamofireImage.framework",
			);
			runOnlyForDeploymentPostprocessing = 0;
			shellPath = /bin/sh;
			shellScript = "\"${SRCROOT}/Pods/Target Support Files/Pods-main client/Pods-main client-frameworks.sh\"\n";
			showEnvVarsInLog = 0;
		};
		C5340E1E6D653E9F81D50105 /* [CP] Check Pods Manifest.lock */ = {
			isa = PBXShellScriptBuildPhase;
			buildActionMask = 2147483647;
			files = (
			);
			inputPaths = (
				"${PODS_PODFILE_DIR_PATH}/Podfile.lock",
				"${PODS_ROOT}/Manifest.lock",
			);
			name = "[CP] Check Pods Manifest.lock";
			outputPaths = (
				"$(DERIVED_FILE_DIR)/Pods-main client-checkManifestLockResult.txt",
			);
			runOnlyForDeploymentPostprocessing = 0;
			shellPath = /bin/sh;
			shellScript = "diff \"${PODS_PODFILE_DIR_PATH}/Podfile.lock\" \"${PODS_ROOT}/Manifest.lock\" > /dev/null\nif [ $? != 0 ] ; then\n    # print error to STDERR\n    echo \"error: The sandbox is not in sync with the Podfile.lock. Run 'pod install' or update your CocoaPods installation.\" >&2\n    exit 1\nfi\n# This output is used by Xcode 'outputs' to avoid re-running this script phase.\necho \"SUCCESS\" > \"${SCRIPT_OUTPUT_FILE_0}\"\n";
			showEnvVarsInLog = 0;
		};
/* End PBXShellScriptBuildPhase section */

/* Begin PBXSourcesBuildPhase section */
		99A7AE5E1F8FA4B000964402 /* Sources */ = {
			isa = PBXSourcesBuildPhase;
			buildActionMask = 2147483647;
			files = (
				092E54471FA7597900573158 /* SignUpViewController.swift in Sources */,
				99A7AE681F8FA4B000964402 /* ViewController.swift in Sources */,
				849343451FBBD93E001E663E /* MyPlacesViewController.swift in Sources */,
				8493434B1FBBEE4F001E663E /* OptionsViewController.swift in Sources */,
				092E54411FA7432B00573158 /* MenuViewController.swift in Sources */,
				09906A2B1FAE826E00A28D73 /* KeychainPasswordItem.swift in Sources */,
				092E54431FA7436D00573158 /* MenuTableViewCell.swift in Sources */,
				849293F51FAB3A81001F0B92 /* common.swift in Sources */,
				849293F31FAB3A81001F0B92 /* APIConstants.swift in Sources */,
				849343411FBBC614001E663E /* MainViewController.swift in Sources */,
				092E54451FA7595600573158 /* LogInViewController.swift in Sources */,
				092E544D1FA76B9F00573158 /* NavigationController.swift in Sources */,
				99A7AE661F8FA4B000964402 /* AppDelegate.swift in Sources */,
				8493433F1FACED78001E663E /* HostArrayModel.swift in Sources */,
				849343491FBBEE37001E663E /* FAQViewController.swift in Sources */,
				849293F81FAB3B7E001F0B92 /* HostModel.swift in Sources */,
				849343471FBBD963001E663E /* PlacesViewController.swift in Sources */,
				849293F41FAB3A81001F0B92 /* UserAPI.swift in Sources */,
				849343431FBBD894001E663E /* MyProfileViewController.swift in Sources */,
				8493433D1FAB5A73001E663E /* ClientAPI.swift in Sources */,
				849293F61FAB3A81001F0B92 /* UserModel.swift in Sources */,
			);
			runOnlyForDeploymentPostprocessing = 0;
		};
		99A7AE721F8FA4B000964402 /* Sources */ = {
			isa = PBXSourcesBuildPhase;
			buildActionMask = 2147483647;
			files = (
				99A7AE7B1F8FA4B000964402 /* main_clientTests.swift in Sources */,
			);
			runOnlyForDeploymentPostprocessing = 0;
		};
		99A7AE7D1F8FA4B000964402 /* Sources */ = {
			isa = PBXSourcesBuildPhase;
			buildActionMask = 2147483647;
			files = (
				99A7AE861F8FA4B000964402 /* main_clientUITests.swift in Sources */,
			);
			runOnlyForDeploymentPostprocessing = 0;
		};
/* End PBXSourcesBuildPhase section */

/* Begin PBXTargetDependency section */
		99A7AE781F8FA4B000964402 /* PBXTargetDependency */ = {
			isa = PBXTargetDependency;
			target = 99A7AE611F8FA4B000964402 /* main client */;
			targetProxy = 99A7AE771F8FA4B000964402 /* PBXContainerItemProxy */;
		};
		99A7AE831F8FA4B000964402 /* PBXTargetDependency */ = {
			isa = PBXTargetDependency;
			target = 99A7AE611F8FA4B000964402 /* main client */;
			targetProxy = 99A7AE821F8FA4B000964402 /* PBXContainerItemProxy */;
		};
/* End PBXTargetDependency section */

/* Begin PBXVariantGroup section */
		99A7AE691F8FA4B000964402 /* Main.storyboard */ = {
			isa = PBXVariantGroup;
			children = (
				99A7AE6A1F8FA4B000964402 /* Base */,
			);
			name = Main.storyboard;
			sourceTree = "<group>";
		};
		99A7AE6E1F8FA4B000964402 /* LaunchScreen.storyboard */ = {
			isa = PBXVariantGroup;
			children = (
				99A7AE6F1F8FA4B000964402 /* Base */,
			);
			name = LaunchScreen.storyboard;
			sourceTree = "<group>";
		};
/* End PBXVariantGroup section */

/* Begin XCBuildConfiguration section */
		99A7AE881F8FA4B000964402 /* Debug */ = {
			isa = XCBuildConfiguration;
			buildSettings = {
				ALWAYS_SEARCH_USER_PATHS = NO;
				CLANG_ANALYZER_NONNULL = YES;
				CLANG_ANALYZER_NUMBER_OBJECT_CONVERSION = YES_AGGRESSIVE;
				CLANG_CXX_LANGUAGE_STANDARD = "gnu++14";
				CLANG_CXX_LIBRARY = "libc++";
				CLANG_ENABLE_MODULES = YES;
				CLANG_ENABLE_OBJC_ARC = YES;
				CLANG_WARN_BLOCK_CAPTURE_AUTORELEASING = YES;
				CLANG_WARN_BOOL_CONVERSION = YES;
				CLANG_WARN_COMMA = YES;
				CLANG_WARN_CONSTANT_CONVERSION = YES;
				CLANG_WARN_DIRECT_OBJC_ISA_USAGE = YES_ERROR;
				CLANG_WARN_DOCUMENTATION_COMMENTS = YES;
				CLANG_WARN_EMPTY_BODY = YES;
				CLANG_WARN_ENUM_CONVERSION = YES;
				CLANG_WARN_INFINITE_RECURSION = YES;
				CLANG_WARN_INT_CONVERSION = YES;
				CLANG_WARN_NON_LITERAL_NULL_CONVERSION = YES;
				CLANG_WARN_OBJC_LITERAL_CONVERSION = YES;
				CLANG_WARN_OBJC_ROOT_CLASS = YES_ERROR;
				CLANG_WARN_RANGE_LOOP_ANALYSIS = YES;
				CLANG_WARN_STRICT_PROTOTYPES = YES;
				CLANG_WARN_SUSPICIOUS_MOVE = YES;
				CLANG_WARN_UNGUARDED_AVAILABILITY = YES_AGGRESSIVE;
				CLANG_WARN_UNREACHABLE_CODE = YES;
				CLANG_WARN__DUPLICATE_METHOD_MATCH = YES;
				CODE_SIGN_IDENTITY = "iPhone Developer";
				COPY_PHASE_STRIP = NO;
				DEBUG_INFORMATION_FORMAT = dwarf;
				ENABLE_STRICT_OBJC_MSGSEND = YES;
				ENABLE_TESTABILITY = YES;
				GCC_C_LANGUAGE_STANDARD = gnu11;
				GCC_DYNAMIC_NO_PIC = NO;
				GCC_NO_COMMON_BLOCKS = YES;
				GCC_OPTIMIZATION_LEVEL = 0;
				GCC_PREPROCESSOR_DEFINITIONS = (
					"DEBUG=1",
					"$(inherited)",
				);
				GCC_WARN_64_TO_32_BIT_CONVERSION = YES;
				GCC_WARN_ABOUT_RETURN_TYPE = YES_ERROR;
				GCC_WARN_UNDECLARED_SELECTOR = YES;
				GCC_WARN_UNINITIALIZED_AUTOS = YES_AGGRESSIVE;
				GCC_WARN_UNUSED_FUNCTION = YES;
				GCC_WARN_UNUSED_VARIABLE = YES;
				IPHONEOS_DEPLOYMENT_TARGET = 11.0;
				MTL_ENABLE_DEBUG_INFO = YES;
				ONLY_ACTIVE_ARCH = YES;
				SDKROOT = iphoneos;
				SWIFT_ACTIVE_COMPILATION_CONDITIONS = DEBUG;
				SWIFT_OPTIMIZATION_LEVEL = "-Onone";
			};
			name = Debug;
		};
		99A7AE891F8FA4B000964402 /* Release */ = {
			isa = XCBuildConfiguration;
			buildSettings = {
				ALWAYS_SEARCH_USER_PATHS = NO;
				CLANG_ANALYZER_NONNULL = YES;
				CLANG_ANALYZER_NUMBER_OBJECT_CONVERSION = YES_AGGRESSIVE;
				CLANG_CXX_LANGUAGE_STANDARD = "gnu++14";
				CLANG_CXX_LIBRARY = "libc++";
				CLANG_ENABLE_MODULES = YES;
				CLANG_ENABLE_OBJC_ARC = YES;
				CLANG_WARN_BLOCK_CAPTURE_AUTORELEASING = YES;
				CLANG_WARN_BOOL_CONVERSION = YES;
				CLANG_WARN_COMMA = YES;
				CLANG_WARN_CONSTANT_CONVERSION = YES;
				CLANG_WARN_DIRECT_OBJC_ISA_USAGE = YES_ERROR;
				CLANG_WARN_DOCUMENTATION_COMMENTS = YES;
				CLANG_WARN_EMPTY_BODY = YES;
				CLANG_WARN_ENUM_CONVERSION = YES;
				CLANG_WARN_INFINITE_RECURSION = YES;
				CLANG_WARN_INT_CONVERSION = YES;
				CLANG_WARN_NON_LITERAL_NULL_CONVERSION = YES;
				CLANG_WARN_OBJC_LITERAL_CONVERSION = YES;
				CLANG_WARN_OBJC_ROOT_CLASS = YES_ERROR;
				CLANG_WARN_RANGE_LOOP_ANALYSIS = YES;
				CLANG_WARN_STRICT_PROTOTYPES = YES;
				CLANG_WARN_SUSPICIOUS_MOVE = YES;
				CLANG_WARN_UNGUARDED_AVAILABILITY = YES_AGGRESSIVE;
				CLANG_WARN_UNREACHABLE_CODE = YES;
				CLANG_WARN__DUPLICATE_METHOD_MATCH = YES;
				CODE_SIGN_IDENTITY = "iPhone Developer";
				COPY_PHASE_STRIP = NO;
				DEBUG_INFORMATION_FORMAT = "dwarf-with-dsym";
				ENABLE_NS_ASSERTIONS = NO;
				ENABLE_STRICT_OBJC_MSGSEND = YES;
				GCC_C_LANGUAGE_STANDARD = gnu11;
				GCC_NO_COMMON_BLOCKS = YES;
				GCC_WARN_64_TO_32_BIT_CONVERSION = YES;
				GCC_WARN_ABOUT_RETURN_TYPE = YES_ERROR;
				GCC_WARN_UNDECLARED_SELECTOR = YES;
				GCC_WARN_UNINITIALIZED_AUTOS = YES_AGGRESSIVE;
				GCC_WARN_UNUSED_FUNCTION = YES;
				GCC_WARN_UNUSED_VARIABLE = YES;
				IPHONEOS_DEPLOYMENT_TARGET = 11.0;
				MTL_ENABLE_DEBUG_INFO = NO;
				SDKROOT = iphoneos;
				SWIFT_OPTIMIZATION_LEVEL = "-Owholemodule";
				VALIDATE_PRODUCT = YES;
			};
			name = Release;
		};
		99A7AE8B1F8FA4B000964402 /* Debug */ = {
			isa = XCBuildConfiguration;
			baseConfigurationReference = 30907051DCF37782587B6B75 /* Pods-main client.debug.xcconfig */;
			buildSettings = {
				ASSETCATALOG_COMPILER_APPICON_NAME = AppIcon;
				CODE_SIGN_STYLE = Automatic;
				DEVELOPMENT_TEAM = "";
				INFOPLIST_FILE = "main client/Info.plist";
				LD_RUNPATH_SEARCH_PATHS = "$(inherited) @executable_path/Frameworks";
				PRODUCT_BUNDLE_IDENTIFIER = "tonitrui.main-client";
				PRODUCT_NAME = "$(TARGET_NAME)";
				SWIFT_VERSION = 4.0;
				TARGETED_DEVICE_FAMILY = "1,2";
			};
			name = Debug;
		};
		99A7AE8C1F8FA4B000964402 /* Release */ = {
			isa = XCBuildConfiguration;
			baseConfigurationReference = 5BDF2D83678E56EDA04F089E /* Pods-main client.release.xcconfig */;
			buildSettings = {
				ASSETCATALOG_COMPILER_APPICON_NAME = AppIcon;
				CODE_SIGN_STYLE = Automatic;
				DEVELOPMENT_TEAM = "";
				INFOPLIST_FILE = "main client/Info.plist";
				LD_RUNPATH_SEARCH_PATHS = "$(inherited) @executable_path/Frameworks";
				PRODUCT_BUNDLE_IDENTIFIER = "tonitrui.main-client";
				PRODUCT_NAME = "$(TARGET_NAME)";
				SWIFT_VERSION = 4.0;
				TARGETED_DEVICE_FAMILY = "1,2";
			};
			name = Release;
		};
		99A7AE8E1F8FA4B000964402 /* Debug */ = {
			isa = XCBuildConfiguration;
			buildSettings = {
				ALWAYS_EMBED_SWIFT_STANDARD_LIBRARIES = YES;
				BUNDLE_LOADER = "$(TEST_HOST)";
				CODE_SIGN_STYLE = Automatic;
				INFOPLIST_FILE = "main clientTests/Info.plist";
				LD_RUNPATH_SEARCH_PATHS = "$(inherited) @executable_path/Frameworks @loader_path/Frameworks";
				PRODUCT_BUNDLE_IDENTIFIER = "tonitrui.main-clientTests";
				PRODUCT_NAME = "$(TARGET_NAME)";
				SWIFT_VERSION = 4.0;
				TARGETED_DEVICE_FAMILY = "1,2";
				TEST_HOST = "$(BUILT_PRODUCTS_DIR)/main client.app/main client";
			};
			name = Debug;
		};
		99A7AE8F1F8FA4B000964402 /* Release */ = {
			isa = XCBuildConfiguration;
			buildSettings = {
				ALWAYS_EMBED_SWIFT_STANDARD_LIBRARIES = YES;
				BUNDLE_LOADER = "$(TEST_HOST)";
				CODE_SIGN_STYLE = Automatic;
				INFOPLIST_FILE = "main clientTests/Info.plist";
				LD_RUNPATH_SEARCH_PATHS = "$(inherited) @executable_path/Frameworks @loader_path/Frameworks";
				PRODUCT_BUNDLE_IDENTIFIER = "tonitrui.main-clientTests";
				PRODUCT_NAME = "$(TARGET_NAME)";
				SWIFT_VERSION = 4.0;
				TARGETED_DEVICE_FAMILY = "1,2";
				TEST_HOST = "$(BUILT_PRODUCTS_DIR)/main client.app/main client";
			};
			name = Release;
		};
		99A7AE911F8FA4B000964402 /* Debug */ = {
			isa = XCBuildConfiguration;
			buildSettings = {
				ALWAYS_EMBED_SWIFT_STANDARD_LIBRARIES = YES;
				CODE_SIGN_STYLE = Automatic;
				INFOPLIST_FILE = "main clientUITests/Info.plist";
				LD_RUNPATH_SEARCH_PATHS = "$(inherited) @executable_path/Frameworks @loader_path/Frameworks";
				PRODUCT_BUNDLE_IDENTIFIER = "tonitrui.main-clientUITests";
				PRODUCT_NAME = "$(TARGET_NAME)";
				SWIFT_VERSION = 4.0;
				TARGETED_DEVICE_FAMILY = "1,2";
				TEST_TARGET_NAME = "main client";
			};
			name = Debug;
		};
		99A7AE921F8FA4B000964402 /* Release */ = {
			isa = XCBuildConfiguration;
			buildSettings = {
				ALWAYS_EMBED_SWIFT_STANDARD_LIBRARIES = YES;
				CODE_SIGN_STYLE = Automatic;
				INFOPLIST_FILE = "main clientUITests/Info.plist";
				LD_RUNPATH_SEARCH_PATHS = "$(inherited) @executable_path/Frameworks @loader_path/Frameworks";
				PRODUCT_BUNDLE_IDENTIFIER = "tonitrui.main-clientUITests";
				PRODUCT_NAME = "$(TARGET_NAME)";
				SWIFT_VERSION = 4.0;
				TARGETED_DEVICE_FAMILY = "1,2";
				TEST_TARGET_NAME = "main client";
			};
			name = Release;
		};
/* End XCBuildConfiguration section */

/* Begin XCConfigurationList section */
		99A7AE5D1F8FA4AF00964402 /* Build configuration list for PBXProject "main client" */ = {
			isa = XCConfigurationList;
			buildConfigurations = (
				99A7AE881F8FA4B000964402 /* Debug */,
				99A7AE891F8FA4B000964402 /* Release */,
			);
			defaultConfigurationIsVisible = 0;
			defaultConfigurationName = Release;
		};
		99A7AE8A1F8FA4B000964402 /* Build configuration list for PBXNativeTarget "main client" */ = {
			isa = XCConfigurationList;
			buildConfigurations = (
				99A7AE8B1F8FA4B000964402 /* Debug */,
				99A7AE8C1F8FA4B000964402 /* Release */,
			);
			defaultConfigurationIsVisible = 0;
			defaultConfigurationName = Release;
		};
		99A7AE8D1F8FA4B000964402 /* Build configuration list for PBXNativeTarget "main clientTests" */ = {
			isa = XCConfigurationList;
			buildConfigurations = (
				99A7AE8E1F8FA4B000964402 /* Debug */,
				99A7AE8F1F8FA4B000964402 /* Release */,
			);
			defaultConfigurationIsVisible = 0;
			defaultConfigurationName = Release;
		};
		99A7AE901F8FA4B000964402 /* Build configuration list for PBXNativeTarget "main clientUITests" */ = {
			isa = XCConfigurationList;
			buildConfigurations = (
				99A7AE911F8FA4B000964402 /* Debug */,
				99A7AE921F8FA4B000964402 /* Release */,
			);
			defaultConfigurationIsVisible = 0;
			defaultConfigurationName = Release;
		};
/* End XCConfigurationList section */
	};
	rootObject = 99A7AE5A1F8FA4AF00964402 /* Project object */;
}
