// !$*UTF8*$!
{
	archiveVersion = 1;
	classes = {
	};
	objectVersion = 48;
	objects = {

/* Begin PBXBuildFile section */
		092E54411FA7432B00573158 /* MenuViewController.swift in Sources */ = {isa = PBXBuildFile; fileRef = 092E54401FA7432B00573158 /* MenuViewController.swift */; };
		092E54431FA7436D00573158 /* MenuTableViewCell.swift in Sources */ = {isa = PBXBuildFile; fileRef = 092E54421FA7436D00573158 /* MenuTableViewCell.swift */; };
		092E54451FA7595600573158 /* LogInViewController.swift in Sources */ = {isa = PBXBuildFile; fileRef = 092E54441FA7595600573158 /* LogInViewController.swift */; };
		092E54471FA7597900573158 /* SignUpViewController.swift in Sources */ = {isa = PBXBuildFile; fileRef = 092E54461FA7597900573158 /* SignUpViewController.swift */; };
		092E544D1FA76B9F00573158 /* NavigationController.swift in Sources */ = {isa = PBXBuildFile; fileRef = 092E544C1FA76B9F00573158 /* NavigationController.swift */; };
		8413168D1FAA214C0011C5DC /* API in Resources */ = {isa = PBXBuildFile; fileRef = 8413168C1FAA214C0011C5DC /* API */; };
		8413168F1FAA21870011C5DC /* models in Resources */ = {isa = PBXBuildFile; fileRef = 8413168E1FAA21870011C5DC /* models */; };
		99A7AE661F8FA4B000964402 /* AppDelegate.swift in Sources */ = {isa = PBXBuildFile; fileRef = 99A7AE651F8FA4B000964402 /* AppDelegate.swift */; };
		99A7AE681F8FA4B000964402 /* ViewController.swift in Sources */ = {isa = PBXBuildFile; fileRef = 99A7AE671F8FA4B000964402 /* ViewController.swift */; };
		99A7AE6B1F8FA4B000964402 /* Main.storyboard in Resources */ = {isa = PBXBuildFile; fileRef = 99A7AE691F8FA4B000964402 /* Main.storyboard */; };
		99A7AE6D1F8FA4B000964402 /* Assets.xcassets in Resources */ = {isa = PBXBuildFile; fileRef = 99A7AE6C1F8FA4B000964402 /* Assets.xcassets */; };
		99A7AE701F8FA4B000964402 /* LaunchScreen.storyboard in Resources */ = {isa = PBXBuildFile; fileRef = 99A7AE6E1F8FA4B000964402 /* LaunchScreen.storyboard */; };
		99A7AE7B1F8FA4B000964402 /* main_clientTests.swift in Sources */ = {isa = PBXBuildFile; fileRef = 99A7AE7A1F8FA4B000964402 /* main_clientTests.swift */; };
		99A7AE861F8FA4B000964402 /* main_clientUITests.swift in Sources */ = {isa = PBXBuildFile; fileRef = 99A7AE851F8FA4B000964402 /* main_clientUITests.swift */; };
/* End PBXBuildFile section */

/* Begin PBXContainerItemProxy section */
		99A7AE771F8FA4B000964402 /* PBXContainerItemProxy */ = {
			isa = PBXContainerItemProxy;
			containerPortal = 99A7AE5A1F8FA4AF00964402 /* Project object */;
			proxyType = 1;
			remoteGlobalIDString = 99A7AE611F8FA4B000964402;
			remoteInfo = "main client";
		};
		99A7AE821F8FA4B000964402 /* PBXContainerItemProxy */ = {
			isa = PBXContainerItemProxy;
			containerPortal = 99A7AE5A1F8FA4AF00964402 /* Project object */;
			proxyType = 1;
			remoteGlobalIDString = 99A7AE611F8FA4B000964402;
			remoteInfo = "main client";
		};
/* End PBXContainerItemProxy section */

/* Begin PBXFileReference section */
		092E54401FA7432B00573158 /* MenuViewController.swift */ = {isa = PBXFileReference; lastKnownFileType = sourcecode.swift; path = MenuViewController.swift; sourceTree = "<group>"; };
		092E54421FA7436D00573158 /* MenuTableViewCell.swift */ = {isa = PBXFileReference; lastKnownFileType = sourcecode.swift; path = MenuTableViewCell.swift; sourceTree = "<group>"; };
		092E54441FA7595600573158 /* LogInViewController.swift */ = {isa = PBXFileReference; lastKnownFileType = sourcecode.swift; path = LogInViewController.swift; sourceTree = "<group>"; };
		092E54461FA7597900573158 /* SignUpViewController.swift */ = {isa = PBXFileReference; lastKnownFileType = sourcecode.swift; path = SignUpViewController.swift; sourceTree = "<group>"; };
		092E544C1FA76B9F00573158 /* NavigationController.swift */ = {isa = PBXFileReference; lastKnownFileType = sourcecode.swift; path = NavigationController.swift; sourceTree = "<group>"; };
		8413168C1FAA214C0011C5DC /* API */ = {isa = PBXFileReference; lastKnownFileType = folder; path = API; sourceTree = "<group>"; };
		8413168E1FAA21870011C5DC /* models */ = {isa = PBXFileReference; lastKnownFileType = folder; path = models; sourceTree = "<group>"; };
		99A7AE621F8FA4B000964402 /* main client.app */ = {isa = PBXFileReference; explicitFileType = wrapper.application; includeInIndex = 0; path = "main client.app"; sourceTree = BUILT_PRODUCTS_DIR; };
		99A7AE651F8FA4B000964402 /* AppDelegate.swift */ = {isa = PBXFileReference; lastKnownFileType = sourcecode.swift; path = AppDelegate.swift; sourceTree = "<group>"; };
		99A7AE671F8FA4B000964402 /* ViewController.swift */ = {isa = PBXFileReference; lastKnownFileType = sourcecode.swift; path = ViewController.swift; sourceTree = "<group>"; };
		99A7AE6A1F8FA4B000964402 /* Base */ = {isa = PBXFileReference; lastKnownFileType = file.storyboard; name = Base; path = Base.lproj/Main.storyboard; sourceTree = "<group>"; };
		99A7AE6C1F8FA4B000964402 /* Assets.xcassets */ = {isa = PBXFileReference; lastKnownFileType = folder.assetcatalog; path = Assets.xcassets; sourceTree = "<group>"; };
		99A7AE6F1F8FA4B000964402 /* Base */ = {isa = PBXFileReference; lastKnownFileType = file.storyboard; name = Base; path = Base.lproj/LaunchScreen.storyboard; sourceTree = "<group>"; };
		99A7AE711F8FA4B000964402 /* Info.plist */ = {isa = PBXFileReference; lastKnownFileType = text.plist.xml; path = Info.plist; sourceTree = "<group>"; };
		99A7AE761F8FA4B000964402 /* main clientTests.xctest */ = {isa = PBXFileReference; explicitFileType = wrapper.cfbundle; includeInIndex = 0; path = "main clientTests.xctest"; sourceTree = BUILT_PRODUCTS_DIR; };
		99A7AE7A1F8FA4B000964402 /* main_clientTests.swift */ = {isa = PBXFileReference; lastKnownFileType = sourcecode.swift; path = main_clientTests.swift; sourceTree = "<group>"; };
		99A7AE7C1F8FA4B000964402 /* Info.plist */ = {isa = PBXFileReference; lastKnownFileType = text.plist.xml; path = Info.plist; sourceTree = "<group>"; };
		99A7AE811F8FA4B000964402 /* main clientUITests.xctest */ = {isa = PBXFileReference; explicitFileType = wrapper.cfbundle; includeInIndex = 0; path = "main clientUITests.xctest"; sourceTree = BUILT_PRODUCTS_DIR; };
		99A7AE851F8FA4B000964402 /* main_clientUITests.swift */ = {isa = PBXFileReference; lastKnownFileType = sourcecode.swift; path = main_clientUITests.swift; sourceTree = "<group>"; };
		99A7AE871F8FA4B000964402 /* Info.plist */ = {isa = PBXFileReference; lastKnownFileType = text.plist.xml; path = Info.plist; sourceTree = "<group>"; };
/* End PBXFileReference section */

/* Begin PBXFrameworksBuildPhase section */
		99A7AE5F1F8FA4B000964402 /* Frameworks */ = {
			isa = PBXFrameworksBuildPhase;
			buildActionMask = 2147483647;
			files = (
			);
			runOnlyForDeploymentPostprocessing = 0;
		};
		99A7AE731F8FA4B000964402 /* Frameworks */ = {
			isa = PBXFrameworksBuildPhase;
			buildActionMask = 2147483647;
			files = (
			);
			runOnlyForDeploymentPostprocessing = 0;
		};
		99A7AE7E1F8FA4B000964402 /* Frameworks */ = {
			isa = PBXFrameworksBuildPhase;
			buildActionMask = 2147483647;
			files = (
			);
			runOnlyForDeploymentPostprocessing = 0;
		};
/* End PBXFrameworksBuildPhase section */

/* Begin PBXGroup section */
		99A7AE591F8FA4AF00964402 = {
			isa = PBXGroup;
			children = (
				99A7AE641F8FA4B000964402 /* main client */,
				99A7AE791F8FA4B000964402 /* main clientTests */,
				99A7AE841F8FA4B000964402 /* main clientUITests */,
				99A7AE631F8FA4B000964402 /* Products */,
			);
			sourceTree = "<group>";
		};
		99A7AE631F8FA4B000964402 /* Products */ = {
			isa = PBXGroup;
			children = (
				99A7AE621F8FA4B000964402 /* main client.app */,
				99A7AE761F8FA4B000964402 /* main clientTests.xctest */,
				99A7AE811F8FA4B000964402 /* main clientUITests.xctest */,
			);
			name = Products;
			sourceTree = "<group>";
		};
		99A7AE641F8FA4B000964402 /* main client */ = {
			isa = PBXGroup;
			children = (
				8413168E1FAA21870011C5DC /* models */,
				8413168C1FAA214C0011C5DC /* API */,
				99A7AE651F8FA4B000964402 /* AppDelegate.swift */,
				99A7AE671F8FA4B000964402 /* ViewController.swift */,
				092E54401FA7432B00573158 /* MenuViewController.swift */,
				092E54421FA7436D00573158 /* MenuTableViewCell.swift */,
				99A7AE691F8FA4B000964402 /* Main.storyboard */,
				092E54441FA7595600573158 /* LogInViewController.swift */,
				092E54461FA7597900573158 /* SignUpViewController.swift */,
				99A7AE6C1F8FA4B000964402 /* Assets.xcassets */,
				99A7AE6E1F8FA4B000964402 /* LaunchScreen.storyboard */,
				99A7AE711F8FA4B000964402 /* Info.plist */,
				092E544C1FA76B9F00573158 /* NavigationController.swift */,
			);
			path = "main client";
			sourceTree = "<group>";
		};
		99A7AE791F8FA4B000964402 /* main clientTests */ = {
			isa = PBXGroup;
			children = (
				99A7AE7A1F8FA4B000964402 /* main_clientTests.swift */,
				99A7AE7C1F8FA4B000964402 /* Info.plist */,
			);
			path = "main clientTests";
			sourceTree = "<group>";
		};
		99A7AE841F8FA4B000964402 /* main clientUITests */ = {
			isa = PBXGroup;
			children = (
				99A7AE851F8FA4B000964402 /* main_clientUITests.swift */,
				99A7AE871F8FA4B000964402 /* Info.plist */,
			);
			path = "main clientUITests";
			sourceTree = "<group>";
		};
/* End PBXGroup section */

/* Begin PBXNativeTarget section */
		99A7AE611F8FA4B000964402 /* main client */ = {
			isa = PBXNativeTarget;
			buildConfigurationList = 99A7AE8A1F8FA4B000964402 /* Build configuration list for PBXNativeTarget "main client" */;
			buildPhases = (
				99A7AE5E1F8FA4B000964402 /* Sources */,
				99A7AE5F1F8FA4B000964402 /* Frameworks */,
				99A7AE601F8FA4B000964402 /* Resources */,
			);
			buildRules = (
			);
			dependencies = (
			);
			name = "main client";
			productName = "main client";
			productReference = 99A7AE621F8FA4B000964402 /* main client.app */;
			productType = "com.apple.product-type.application";
		};
		99A7AE751F8FA4B000964402 /* main clientTests */ = {
			isa = PBXNativeTarget;
			buildConfigurationList = 99A7AE8D1F8FA4B000964402 /* Build configuration list for PBXNativeTarget "main clientTests" */;
			buildPhases = (
				99A7AE721F8FA4B000964402 /* Sources */,
				99A7AE731F8FA4B000964402 /* Frameworks */,
				99A7AE741F8FA4B000964402 /* Resources */,
			);
			buildRules = (
			);
			dependencies = (
				99A7AE781F8FA4B000964402 /* PBXTargetDependency */,
			);
			name = "main clientTests";
			productName = "main clientTests";
			productReference = 99A7AE761F8FA4B000964402 /* main clientTests.xctest */;
			productType = "com.apple.product-type.bundle.unit-test";
		};
		99A7AE801F8FA4B000964402 /* main clientUITests */ = {
			isa = PBXNativeTarget;
			buildConfigurationList = 99A7AE901F8FA4B000964402 /* Build configuration list for PBXNativeTarget "main clientUITests" */;
			buildPhases = (
				99A7AE7D1F8FA4B000964402 /* Sources */,
				99A7AE7E1F8FA4B000964402 /* Frameworks */,
				99A7AE7F1F8FA4B000964402 /* Resources */,
			);
			buildRules = (
			);
			dependencies = (
				99A7AE831F8FA4B000964402 /* PBXTargetDependency */,
			);
			name = "main clientUITests";
			productName = "main clientUITests";
			productReference = 99A7AE811F8FA4B000964402 /* main clientUITests.xctest */;
			productType = "com.apple.product-type.bundle.ui-testing";
		};
/* End PBXNativeTarget section */

/* Begin PBXProject section */
		99A7AE5A1F8FA4AF00964402 /* Project object */ = {
			isa = PBXProject;
			attributes = {
				LastSwiftUpdateCheck = 0900;
				LastUpgradeCheck = 0900;
				ORGANIZATIONNAME = "Daria Firsova";
				TargetAttributes = {
					99A7AE611F8FA4B000964402 = {
						CreatedOnToolsVersion = 9.0;
						ProvisioningStyle = Automatic;
					};
					99A7AE751F8FA4B000964402 = {
						CreatedOnToolsVersion = 9.0;
						ProvisioningStyle = Automatic;
						TestTargetID = 99A7AE611F8FA4B000964402;
					};
					99A7AE801F8FA4B000964402 = {
						CreatedOnToolsVersion = 9.0;
						ProvisioningStyle = Automatic;
						TestTargetID = 99A7AE611F8FA4B000964402;
					};
				};
			};
			buildConfigurationList = 99A7AE5D1F8FA4AF00964402 /* Build configuration list for PBXProject "main client" */;
			compatibilityVersion = "Xcode 8.0";
			developmentRegion = en;
			hasScannedForEncodings = 0;
			knownRegions = (
				en,
				Base,
			);
			mainGroup = 99A7AE591F8FA4AF00964402;
			productRefGroup = 99A7AE631F8FA4B000964402 /* Products */;
			projectDirPath = "";
			projectRoot = "";
			targets = (
				99A7AE611F8FA4B000964402 /* main client */,
				99A7AE751F8FA4B000964402 /* main clientTests */,
				99A7AE801F8FA4B000964402 /* main clientUITests */,
			);
		};
/* End PBXProject section */

/* Begin PBXResourcesBuildPhase section */
		99A7AE601F8FA4B000964402 /* Resources */ = {
			isa = PBXResourcesBuildPhase;
			buildActionMask = 2147483647;
			files = (
				8413168F1FAA21870011C5DC /* models in Resources */,
				99A7AE701F8FA4B000964402 /* LaunchScreen.storyboard in Resources */,
				8413168D1FAA214C0011C5DC /* API in Resources */,
				99A7AE6D1F8FA4B000964402 /* Assets.xcassets in Resources */,
				99A7AE6B1F8FA4B000964402 /* Main.storyboard in Resources */,
			);
			runOnlyForDeploymentPostprocessing = 0;
		};
		99A7AE741F8FA4B000964402 /* Resources */ = {
			isa = PBXResourcesBuildPhase;
			buildActionMask = 2147483647;
			files = (
			);
			runOnlyForDeploymentPostprocessing = 0;
		};
		99A7AE7F1F8FA4B000964402 /* Resources */ = {
			isa = PBXResourcesBuildPhase;
			buildActionMask = 2147483647;
			files = (
			);
			runOnlyForDeploymentPostprocessing = 0;
		};
/* End PBXResourcesBuildPhase section */

/* Begin PBXSourcesBuildPhase section */
		99A7AE5E1F8FA4B000964402 /* Sources */ = {
			isa = PBXSourcesBuildPhase;
			buildActionMask = 2147483647;
			files = (
				092E54471FA7597900573158 /* SignUpViewController.swift in Sources */,
				99A7AE681F8FA4B000964402 /* ViewController.swift in Sources */,
				092E54411FA7432B00573158 /* MenuViewController.swift in Sources */,
				092E54431FA7436D00573158 /* MenuTableViewCell.swift in Sources */,
				092E54451FA7595600573158 /* LogInViewController.swift in Sources */,
				092E544D1FA76B9F00573158 /* NavigationController.swift in Sources */,
				99A7AE661F8FA4B000964402 /* AppDelegate.swift in Sources */,
			);
			runOnlyForDeploymentPostprocessing = 0;
		};
		99A7AE721F8FA4B000964402 /* Sources */ = {
			isa = PBXSourcesBuildPhase;
			buildActionMask = 2147483647;
			files = (
				99A7AE7B1F8FA4B000964402 /* main_clientTests.swift in Sources */,
			);
			runOnlyForDeploymentPostprocessing = 0;
		};
		99A7AE7D1F8FA4B000964402 /* Sources */ = {
			isa = PBXSourcesBuildPhase;
			buildActionMask = 2147483647;
			files = (
				99A7AE861F8FA4B000964402 /* main_clientUITests.swift in Sources */,
			);
			runOnlyForDeploymentPostprocessing = 0;
		};
/* End PBXSourcesBuildPhase section */

/* Begin PBXTargetDependency section */
		99A7AE781F8FA4B000964402 /* PBXTargetDependency */ = {
			isa = PBXTargetDependency;
			target = 99A7AE611F8FA4B000964402 /* main client */;
			targetProxy = 99A7AE771F8FA4B000964402 /* PBXContainerItemProxy */;
		};
		99A7AE831F8FA4B000964402 /* PBXTargetDependency */ = {
			isa = PBXTargetDependency;
			target = 99A7AE611F8FA4B000964402 /* main client */;
			targetProxy = 99A7AE821F8FA4B000964402 /* PBXContainerItemProxy */;
		};
/* End PBXTargetDependency section */

/* Begin PBXVariantGroup section */
		99A7AE691F8FA4B000964402 /* Main.storyboard */ = {
			isa = PBXVariantGroup;
			children = (
				99A7AE6A1F8FA4B000964402 /* Base */,
			);
			name = Main.storyboard;
			sourceTree = "<group>";
		};
		99A7AE6E1F8FA4B000964402 /* LaunchScreen.storyboard */ = {
			isa = PBXVariantGroup;
			children = (
				99A7AE6F1F8FA4B000964402 /* Base */,
			);
			name = LaunchScreen.storyboard;
			sourceTree = "<group>";
		};
/* End PBXVariantGroup section */

/* Begin XCBuildConfiguration section */
		99A7AE881F8FA4B000964402 /* Debug */ = {
			isa = XCBuildConfiguration;
			buildSettings = {
				ALWAYS_SEARCH_USER_PATHS = NO;
				CLANG_ANALYZER_NONNULL = YES;
				CLANG_ANALYZER_NUMBER_OBJECT_CONVERSION = YES_AGGRESSIVE;
				CLANG_CXX_LANGUAGE_STANDARD = "gnu++14";
				CLANG_CXX_LIBRARY = "libc++";
				CLANG_ENABLE_MODULES = YES;
				CLANG_ENABLE_OBJC_ARC = YES;
				CLANG_WARN_BLOCK_CAPTURE_AUTORELEASING = YES;
				CLANG_WARN_BOOL_CONVERSION = YES;
				CLANG_WARN_COMMA = YES;
				CLANG_WARN_CONSTANT_CONVERSION = YES;
				CLANG_WARN_DIRECT_OBJC_ISA_USAGE = YES_ERROR;
				CLANG_WARN_DOCUMENTATION_COMMENTS = YES;
				CLANG_WARN_EMPTY_BODY = YES;
				CLANG_WARN_ENUM_CONVERSION = YES;
				CLANG_WARN_INFINITE_RECURSION = YES;
				CLANG_WARN_INT_CONVERSION = YES;
				CLANG_WARN_NON_LITERAL_NULL_CONVERSION = YES;
				CLANG_WARN_OBJC_LITERAL_CONVERSION = YES;
				CLANG_WARN_OBJC_ROOT_CLASS = YES_ERROR;
				CLANG_WARN_RANGE_LOOP_ANALYSIS = YES;
				CLANG_WARN_STRICT_PROTOTYPES = YES;
				CLANG_WARN_SUSPICIOUS_MOVE = YES;
				CLANG_WARN_UNGUARDED_AVAILABILITY = YES_AGGRESSIVE;
				CLANG_WARN_UNREACHABLE_CODE = YES;
				CLANG_WARN__DUPLICATE_METHOD_MATCH = YES;
				CODE_SIGN_IDENTITY = "iPhone Developer";
				COPY_PHASE_STRIP = NO;
				DEBUG_INFORMATION_FORMAT = dwarf;
				ENABLE_STRICT_OBJC_MSGSEND = YES;
				ENABLE_TESTABILITY = YES;
				GCC_C_LANGUAGE_STANDARD = gnu11;
				GCC_DYNAMIC_NO_PIC = NO;
				GCC_NO_COMMON_BLOCKS = YES;
				GCC_OPTIMIZATION_LEVEL = 0;
				GCC_PREPROCESSOR_DEFINITIONS = (
					"DEBUG=1",
					"$(inherited)",
				);
				GCC_WARN_64_TO_32_BIT_CONVERSION = YES;
				GCC_WARN_ABOUT_RETURN_TYPE = YES_ERROR;
				GCC_WARN_UNDECLARED_SELECTOR = YES;
				GCC_WARN_UNINITIALIZED_AUTOS = YES_AGGRESSIVE;
				GCC_WARN_UNUSED_FUNCTION = YES;
				GCC_WARN_UNUSED_VARIABLE = YES;
				IPHONEOS_DEPLOYMENT_TARGET = 11.0;
				MTL_ENABLE_DEBUG_INFO = YES;
				ONLY_ACTIVE_ARCH = YES;
				SDKROOT = iphoneos;
				SWIFT_ACTIVE_COMPILATION_CONDITIONS = DEBUG;
				SWIFT_OPTIMIZATION_LEVEL = "-Onone";
			};
			name = Debug;
		};
		99A7AE891F8FA4B000964402 /* Release */ = {
			isa = XCBuildConfiguration;
			buildSettings = {
				ALWAYS_SEARCH_USER_PATHS = NO;
				CLANG_ANALYZER_NONNULL = YES;
				CLANG_ANALYZER_NUMBER_OBJECT_CONVERSION = YES_AGGRESSIVE;
				CLANG_CXX_LANGUAGE_STANDARD = "gnu++14";
				CLANG_CXX_LIBRARY = "libc++";
				CLANG_ENABLE_MODULES = YES;
				CLANG_ENABLE_OBJC_ARC = YES;
				CLANG_WARN_BLOCK_CAPTURE_AUTORELEASING = YES;
				CLANG_WARN_BOOL_CONVERSION = YES;
				CLANG_WARN_COMMA = YES;
				CLANG_WARN_CONSTANT_CONVERSION = YES;
				CLANG_WARN_DIRECT_OBJC_ISA_USAGE = YES_ERROR;
				CLANG_WARN_DOCUMENTATION_COMMENTS = YES;
				CLANG_WARN_EMPTY_BODY = YES;
				CLANG_WARN_ENUM_CONVERSION = YES;
				CLANG_WARN_INFINITE_RECURSION = YES;
				CLANG_WARN_INT_CONVERSION = YES;
				CLANG_WARN_NON_LITERAL_NULL_CONVERSION = YES;
				CLANG_WARN_OBJC_LITERAL_CONVERSION = YES;
				CLANG_WARN_OBJC_ROOT_CLASS = YES_ERROR;
				CLANG_WARN_RANGE_LOOP_ANALYSIS = YES;
				CLANG_WARN_STRICT_PROTOTYPES = YES;
				CLANG_WARN_SUSPICIOUS_MOVE = YES;
				CLANG_WARN_UNGUARDED_AVAILABILITY = YES_AGGRESSIVE;
				CLANG_WARN_UNREACHABLE_CODE = YES;
				CLANG_WARN__DUPLICATE_METHOD_MATCH = YES;
				CODE_SIGN_IDENTITY = "iPhone Developer";
				COPY_PHASE_STRIP = NO;
				DEBUG_INFORMATION_FORMAT = "dwarf-with-dsym";
				ENABLE_NS_ASSERTIONS = NO;
				ENABLE_STRICT_OBJC_MSGSEND = YES;
				GCC_C_LANGUAGE_STANDARD = gnu11;
				GCC_NO_COMMON_BLOCKS = YES;
				GCC_WARN_64_TO_32_BIT_CONVERSION = YES;
				GCC_WARN_ABOUT_RETURN_TYPE = YES_ERROR;
				GCC_WARN_UNDECLARED_SELECTOR = YES;
				GCC_WARN_UNINITIALIZED_AUTOS = YES_AGGRESSIVE;
				GCC_WARN_UNUSED_FUNCTION = YES;
				GCC_WARN_UNUSED_VARIABLE = YES;
				IPHONEOS_DEPLOYMENT_TARGET = 11.0;
				MTL_ENABLE_DEBUG_INFO = NO;
				SDKROOT = iphoneos;
				SWIFT_OPTIMIZATION_LEVEL = "-Owholemodule";
				VALIDATE_PRODUCT = YES;
			};
			name = Release;
		};
		99A7AE8B1F8FA4B000964402 /* Debug */ = {
			isa = XCBuildConfiguration;
			buildSettings = {
				ASSETCATALOG_COMPILER_APPICON_NAME = AppIcon;
				CODE_SIGN_STYLE = Automatic;
				DEVELOPMENT_TEAM = 34PL8GRUEQ;
				INFOPLIST_FILE = "main client/Info.plist";
				LD_RUNPATH_SEARCH_PATHS = "$(inherited) @executable_path/Frameworks";
				PRODUCT_BUNDLE_IDENTIFIER = "tonitrui.main-client";
				PRODUCT_NAME = "$(TARGET_NAME)";
				SWIFT_VERSION = 4.0;
				TARGETED_DEVICE_FAMILY = "1,2";
			};
			name = Debug;
		};
		99A7AE8C1F8FA4B000964402 /* Release */ = {
			isa = XCBuildConfiguration;
			buildSettings = {
				ASSETCATALOG_COMPILER_APPICON_NAME = AppIcon;
				CODE_SIGN_STYLE = Automatic;
				DEVELOPMENT_TEAM = 34PL8GRUEQ;
				INFOPLIST_FILE = "main client/Info.plist";
				LD_RUNPATH_SEARCH_PATHS = "$(inherited) @executable_path/Frameworks";
				PRODUCT_BUNDLE_IDENTIFIER = "tonitrui.main-client";
				PRODUCT_NAME = "$(TARGET_NAME)";
				SWIFT_VERSION = 4.0;
				TARGETED_DEVICE_FAMILY = "1,2";
			};
			name = Release;
		};
		99A7AE8E1F8FA4B000964402 /* Debug */ = {
			isa = XCBuildConfiguration;
			buildSettings = {
				ALWAYS_EMBED_SWIFT_STANDARD_LIBRARIES = YES;
				BUNDLE_LOADER = "$(TEST_HOST)";
				CODE_SIGN_STYLE = Automatic;
				INFOPLIST_FILE = "main clientTests/Info.plist";
				LD_RUNPATH_SEARCH_PATHS = "$(inherited) @executable_path/Frameworks @loader_path/Frameworks";
				PRODUCT_BUNDLE_IDENTIFIER = "tonitrui.main-clientTests";
				PRODUCT_NAME = "$(TARGET_NAME)";
				SWIFT_VERSION = 4.0;
				TARGETED_DEVICE_FAMILY = "1,2";
				TEST_HOST = "$(BUILT_PRODUCTS_DIR)/main client.app/main client";
			};
			name = Debug;
		};
		99A7AE8F1F8FA4B000964402 /* Release */ = {
			isa = XCBuildConfiguration;
			buildSettings = {
				ALWAYS_EMBED_SWIFT_STANDARD_LIBRARIES = YES;
				BUNDLE_LOADER = "$(TEST_HOST)";
				CODE_SIGN_STYLE = Automatic;
				INFOPLIST_FILE = "main clientTests/Info.plist";
				LD_RUNPATH_SEARCH_PATHS = "$(inherited) @executable_path/Frameworks @loader_path/Frameworks";
				PRODUCT_BUNDLE_IDENTIFIER = "tonitrui.main-clientTests";
				PRODUCT_NAME = "$(TARGET_NAME)";
				SWIFT_VERSION = 4.0;
				TARGETED_DEVICE_FAMILY = "1,2";
				TEST_HOST = "$(BUILT_PRODUCTS_DIR)/main client.app/main client";
			};
			name = Release;
		};
		99A7AE911F8FA4B000964402 /* Debug */ = {
			isa = XCBuildConfiguration;
			buildSettings = {
				ALWAYS_EMBED_SWIFT_STANDARD_LIBRARIES = YES;
				CODE_SIGN_STYLE = Automatic;
				INFOPLIST_FILE = "main clientUITests/Info.plist";
				LD_RUNPATH_SEARCH_PATHS = "$(inherited) @executable_path/Frameworks @loader_path/Frameworks";
				PRODUCT_BUNDLE_IDENTIFIER = "tonitrui.main-clientUITests";
				PRODUCT_NAME = "$(TARGET_NAME)";
				SWIFT_VERSION = 4.0;
				TARGETED_DEVICE_FAMILY = "1,2";
				TEST_TARGET_NAME = "main client";
			};
			name = Debug;
		};
		99A7AE921F8FA4B000964402 /* Release */ = {
			isa = XCBuildConfiguration;
			buildSettings = {
				ALWAYS_EMBED_SWIFT_STANDARD_LIBRARIES = YES;
				CODE_SIGN_STYLE = Automatic;
				INFOPLIST_FILE = "main clientUITests/Info.plist";
				LD_RUNPATH_SEARCH_PATHS = "$(inherited) @executable_path/Frameworks @loader_path/Frameworks";
				PRODUCT_BUNDLE_IDENTIFIER = "tonitrui.main-clientUITests";
				PRODUCT_NAME = "$(TARGET_NAME)";
				SWIFT_VERSION = 4.0;
				TARGETED_DEVICE_FAMILY = "1,2";
				TEST_TARGET_NAME = "main client";
			};
			name = Release;
		};
/* End XCBuildConfiguration section */

/* Begin XCConfigurationList section */
		99A7AE5D1F8FA4AF00964402 /* Build configuration list for PBXProject "main client" */ = {
			isa = XCConfigurationList;
			buildConfigurations = (
				99A7AE881F8FA4B000964402 /* Debug */,
				99A7AE891F8FA4B000964402 /* Release */,
			);
			defaultConfigurationIsVisible = 0;
			defaultConfigurationName = Release;
		};
		99A7AE8A1F8FA4B000964402 /* Build configuration list for PBXNativeTarget "main client" */ = {
			isa = XCConfigurationList;
			buildConfigurations = (
				99A7AE8B1F8FA4B000964402 /* Debug */,
				99A7AE8C1F8FA4B000964402 /* Release */,
			);
			defaultConfigurationIsVisible = 0;
			defaultConfigurationName = Release;
		};
		99A7AE8D1F8FA4B000964402 /* Build configuration list for PBXNativeTarget "main clientTests" */ = {
			isa = XCConfigurationList;
			buildConfigurations = (
				99A7AE8E1F8FA4B000964402 /* Debug */,
				99A7AE8F1F8FA4B000964402 /* Release */,
			);
			defaultConfigurationIsVisible = 0;
			defaultConfigurationName = Release;
		};
		99A7AE901F8FA4B000964402 /* Build configuration list for PBXNativeTarget "main clientUITests" */ = {
			isa = XCConfigurationList;
			buildConfigurations = (
				99A7AE911F8FA4B000964402 /* Debug */,
				99A7AE921F8FA4B000964402 /* Release */,
			);
			defaultConfigurationIsVisible = 0;
			defaultConfigurationName = Release;
		};
/* End XCConfigurationList section */
	};
	rootObject = 99A7AE5A1F8FA4AF00964402 /* Project object */;
}
